// !$*UTF8*$!
{
	archiveVersion = 1;
	classes = {
	};
	objectVersion = 55;
	objects = {

/* Begin PBXBuildFile section */
		5C7DA12F282A241B00AC6CDC /* AppDelegate.swift in Sources */ = {isa = PBXBuildFile; fileRef = 5C7DA12E282A241B00AC6CDC /* AppDelegate.swift */; };
		5C7DA131282A241B00AC6CDC /* SceneDelegate.swift in Sources */ = {isa = PBXBuildFile; fileRef = 5C7DA130282A241B00AC6CDC /* SceneDelegate.swift */; };
		5C7DA133282A241B00AC6CDC /* ViewController.swift in Sources */ = {isa = PBXBuildFile; fileRef = 5C7DA132282A241B00AC6CDC /* ViewController.swift */; };
		5C7DA136282A241B00AC6CDC /* Main.storyboard in Resources */ = {isa = PBXBuildFile; fileRef = 5C7DA134282A241B00AC6CDC /* Main.storyboard */; };
		5C7DA138282A241E00AC6CDC /* Assets.xcassets in Resources */ = {isa = PBXBuildFile; fileRef = 5C7DA137282A241E00AC6CDC /* Assets.xcassets */; };
		5C7DA13B282A241E00AC6CDC /* LaunchScreen.storyboard in Resources */ = {isa = PBXBuildFile; fileRef = 5C7DA139282A241E00AC6CDC /* LaunchScreen.storyboard */; };
		5C7DA146282A241E00AC6CDC /* youtube_appbuildTests.swift in Sources */ = {isa = PBXBuildFile; fileRef = 5C7DA145282A241E00AC6CDC /* youtube_appbuildTests.swift */; };
		5C7DA150282A241E00AC6CDC /* youtube_appbuildUITests.swift in Sources */ = {isa = PBXBuildFile; fileRef = 5C7DA14F282A241E00AC6CDC /* youtube_appbuildUITests.swift */; };
		5C7DA152282A241E00AC6CDC /* youtube_appbuildUITestsLaunchTests.swift in Sources */ = {isa = PBXBuildFile; fileRef = 5C7DA151282A241E00AC6CDC /* youtube_appbuildUITestsLaunchTests.swift */; };
/* End PBXBuildFile section */

/* Begin PBXContainerItemProxy section */
		5C7DA142282A241E00AC6CDC /* PBXContainerItemProxy */ = {
			isa = PBXContainerItemProxy;
			containerPortal = 5C7DA123282A241B00AC6CDC /* Project object */;
			proxyType = 1;
			remoteGlobalIDString = 5C7DA12A282A241B00AC6CDC;
			remoteInfo = "youtube-appbuild";
		};
		5C7DA14C282A241E00AC6CDC /* PBXContainerItemProxy */ = {
			isa = PBXContainerItemProxy;
			containerPortal = 5C7DA123282A241B00AC6CDC /* Project object */;
			proxyType = 1;
			remoteGlobalIDString = 5C7DA12A282A241B00AC6CDC;
			remoteInfo = "youtube-appbuild";
		};
/* End PBXContainerItemProxy section */

/* Begin PBXFileReference section */
		5C7DA12B282A241B00AC6CDC /* youtube-appbuild.app */ = {isa = PBXFileReference; explicitFileType = wrapper.application; includeInIndex = 0; path = "youtube-appbuild.app"; sourceTree = BUILT_PRODUCTS_DIR; };
		5C7DA12E282A241B00AC6CDC /* AppDelegate.swift */ = {isa = PBXFileReference; lastKnownFileType = sourcecode.swift; path = AppDelegate.swift; sourceTree = "<group>"; };
		5C7DA130282A241B00AC6CDC /* SceneDelegate.swift */ = {isa = PBXFileReference; lastKnownFileType = sourcecode.swift; path = SceneDelegate.swift; sourceTree = "<group>"; };
		5C7DA132282A241B00AC6CDC /* ViewController.swift */ = {isa = PBXFileReference; lastKnownFileType = sourcecode.swift; path = ViewController.swift; sourceTree = "<group>"; };
		5C7DA135282A241B00AC6CDC /* Base */ = {isa = PBXFileReference; lastKnownFileType = file.storyboard; name = Base; path = Base.lproj/Main.storyboard; sourceTree = "<group>"; };
		5C7DA137282A241E00AC6CDC /* Assets.xcassets */ = {isa = PBXFileReference; lastKnownFileType = folder.assetcatalog; path = Assets.xcassets; sourceTree = "<group>"; };
		5C7DA13A282A241E00AC6CDC /* Base */ = {isa = PBXFileReference; lastKnownFileType = file.storyboard; name = Base; path = Base.lproj/LaunchScreen.storyboard; sourceTree = "<group>"; };
		5C7DA13C282A241E00AC6CDC /* Info.plist */ = {isa = PBXFileReference; lastKnownFileType = text.plist.xml; path = Info.plist; sourceTree = "<group>"; };
		5C7DA141282A241E00AC6CDC /* youtube-appbuildTests.xctest */ = {isa = PBXFileReference; explicitFileType = wrapper.cfbundle; includeInIndex = 0; path = "youtube-appbuildTests.xctest"; sourceTree = BUILT_PRODUCTS_DIR; };
		5C7DA145282A241E00AC6CDC /* youtube_appbuildTests.swift */ = {isa = PBXFileReference; lastKnownFileType = sourcecode.swift; path = youtube_appbuildTests.swift; sourceTree = "<group>"; };
		5C7DA14B282A241E00AC6CDC /* youtube-appbuildUITests.xctest */ = {isa = PBXFileReference; explicitFileType = wrapper.cfbundle; includeInIndex = 0; path = "youtube-appbuildUITests.xctest"; sourceTree = BUILT_PRODUCTS_DIR; };
		5C7DA14F282A241E00AC6CDC /* youtube_appbuildUITests.swift */ = {isa = PBXFileReference; lastKnownFileType = sourcecode.swift; path = youtube_appbuildUITests.swift; sourceTree = "<group>"; };
		5C7DA151282A241E00AC6CDC /* youtube_appbuildUITestsLaunchTests.swift */ = {isa = PBXFileReference; lastKnownFileType = sourcecode.swift; path = youtube_appbuildUITestsLaunchTests.swift; sourceTree = "<group>"; };
/* End PBXFileReference section */

/* Begin PBXFrameworksBuildPhase section */
		5C7DA128282A241B00AC6CDC /* Frameworks */ = {
			isa = PBXFrameworksBuildPhase;
			buildActionMask = 2147483647;
			files = (
			);
			runOnlyForDeploymentPostprocessing = 0;
		};
		5C7DA13E282A241E00AC6CDC /* Frameworks */ = {
			isa = PBXFrameworksBuildPhase;
			buildActionMask = 2147483647;
			files = (
			);
			runOnlyForDeploymentPostprocessing = 0;
		};
		5C7DA148282A241E00AC6CDC /* Frameworks */ = {
			isa = PBXFrameworksBuildPhase;
			buildActionMask = 2147483647;
			files = (
			);
			runOnlyForDeploymentPostprocessing = 0;
		};
/* End PBXFrameworksBuildPhase section */

/* Begin PBXGroup section */
		5C7DA122282A241B00AC6CDC = {
			isa = PBXGroup;
			children = (
				5C7DA12D282A241B00AC6CDC /* youtube-appbuild */,
				5C7DA144282A241E00AC6CDC /* youtube-appbuildTests */,
				5C7DA14E282A241E00AC6CDC /* youtube-appbuildUITests */,
				5C7DA12C282A241B00AC6CDC /* Products */,
			);
			sourceTree = "<group>";
		};
		5C7DA12C282A241B00AC6CDC /* Products */ = {
			isa = PBXGroup;
			children = (
				5C7DA12B282A241B00AC6CDC /* youtube-appbuild.app */,
				5C7DA141282A241E00AC6CDC /* youtube-appbuildTests.xctest */,
				5C7DA14B282A241E00AC6CDC /* youtube-appbuildUITests.xctest */,
			);
			name = Products;
			sourceTree = "<group>";
		};
		5C7DA12D282A241B00AC6CDC /* youtube-appbuild */ = {
			isa = PBXGroup;
			children = (
				5C7DA12E282A241B00AC6CDC /* AppDelegate.swift */,
				5C7DA130282A241B00AC6CDC /* SceneDelegate.swift */,
				5C7DA132282A241B00AC6CDC /* ViewController.swift */,
				5C7DA134282A241B00AC6CDC /* Main.storyboard */,
				5C7DA137282A241E00AC6CDC /* Assets.xcassets */,
				5C7DA139282A241E00AC6CDC /* LaunchScreen.storyboard */,
				5C7DA13C282A241E00AC6CDC /* Info.plist */,
			);
			path = "youtube-appbuild";
			sourceTree = "<group>";
		};
		5C7DA144282A241E00AC6CDC /* youtube-appbuildTests */ = {
			isa = PBXGroup;
			children = (
				5C7DA145282A241E00AC6CDC /* youtube_appbuildTests.swift */,
			);
			path = "youtube-appbuildTests";
			sourceTree = "<group>";
		};
		5C7DA14E282A241E00AC6CDC /* youtube-appbuildUITests */ = {
			isa = PBXGroup;
			children = (
				5C7DA14F282A241E00AC6CDC /* youtube_appbuildUITests.swift */,
				5C7DA151282A241E00AC6CDC /* youtube_appbuildUITestsLaunchTests.swift */,
			);
			path = "youtube-appbuildUITests";
			sourceTree = "<group>";
		};
/* End PBXGroup section */

/* Begin PBXNativeTarget section */
		5C7DA12A282A241B00AC6CDC /* youtube-appbuild */ = {
			isa = PBXNativeTarget;
			buildConfigurationList = 5C7DA155282A241E00AC6CDC /* Build configuration list for PBXNativeTarget "youtube-appbuild" */;
			buildPhases = (
				5C7DA127282A241B00AC6CDC /* Sources */,
				5C7DA128282A241B00AC6CDC /* Frameworks */,
				5C7DA129282A241B00AC6CDC /* Resources */,
			);
			buildRules = (
			);
			dependencies = (
			);
			name = "youtube-appbuild";
			productName = "youtube-appbuild";
			productReference = 5C7DA12B282A241B00AC6CDC /* youtube-appbuild.app */;
			productType = "com.apple.product-type.application";
		};
		5C7DA140282A241E00AC6CDC /* youtube-appbuildTests */ = {
			isa = PBXNativeTarget;
			buildConfigurationList = 5C7DA158282A241E00AC6CDC /* Build configuration list for PBXNativeTarget "youtube-appbuildTests" */;
			buildPhases = (
				5C7DA13D282A241E00AC6CDC /* Sources */,
				5C7DA13E282A241E00AC6CDC /* Frameworks */,
				5C7DA13F282A241E00AC6CDC /* Resources */,
			);
			buildRules = (
			);
			dependencies = (
				5C7DA143282A241E00AC6CDC /* PBXTargetDependency */,
			);
			name = "youtube-appbuildTests";
			productName = "youtube-appbuildTests";
			productReference = 5C7DA141282A241E00AC6CDC /* youtube-appbuildTests.xctest */;
			productType = "com.apple.product-type.bundle.unit-test";
		};
		5C7DA14A282A241E00AC6CDC /* youtube-appbuildUITests */ = {
			isa = PBXNativeTarget;
			buildConfigurationList = 5C7DA15B282A241E00AC6CDC /* Build configuration list for PBXNativeTarget "youtube-appbuildUITests" */;
			buildPhases = (
				5C7DA147282A241E00AC6CDC /* Sources */,
				5C7DA148282A241E00AC6CDC /* Frameworks */,
				5C7DA149282A241E00AC6CDC /* Resources */,
			);
			buildRules = (
			);
			dependencies = (
				5C7DA14D282A241E00AC6CDC /* PBXTargetDependency */,
			);
			name = "youtube-appbuildUITests";
			productName = "youtube-appbuildUITests";
			productReference = 5C7DA14B282A241E00AC6CDC /* youtube-appbuildUITests.xctest */;
			productType = "com.apple.product-type.bundle.ui-testing";
		};
/* End PBXNativeTarget section */

/* Begin PBXProject section */
		5C7DA123282A241B00AC6CDC /* Project object */ = {
			isa = PBXProject;
			attributes = {
				BuildIndependentTargetsInParallel = 1;
				LastSwiftUpdateCheck = 1330;
				LastUpgradeCheck = 1330;
				TargetAttributes = {
					5C7DA12A282A241B00AC6CDC = {
						CreatedOnToolsVersion = 13.3;
					};
					5C7DA140282A241E00AC6CDC = {
						CreatedOnToolsVersion = 13.3;
						TestTargetID = 5C7DA12A282A241B00AC6CDC;
					};
					5C7DA14A282A241E00AC6CDC = {
						CreatedOnToolsVersion = 13.3;
						TestTargetID = 5C7DA12A282A241B00AC6CDC;
					};
				};
			};
			buildConfigurationList = 5C7DA126282A241B00AC6CDC /* Build configuration list for PBXProject "youtube-appbuild" */;
			compatibilityVersion = "Xcode 13.0";
			developmentRegion = en;
			hasScannedForEncodings = 0;
			knownRegions = (
				en,
				Base,
			);
			mainGroup = 5C7DA122282A241B00AC6CDC;
			productRefGroup = 5C7DA12C282A241B00AC6CDC /* Products */;
			projectDirPath = "";
			projectRoot = "";
			targets = (
				5C7DA12A282A241B00AC6CDC /* youtube-appbuild */,
				5C7DA140282A241E00AC6CDC /* youtube-appbuildTests */,
				5C7DA14A282A241E00AC6CDC /* youtube-appbuildUITests */,
			);
		};
/* End PBXProject section */

/* Begin PBXResourcesBuildPhase section */
		5C7DA129282A241B00AC6CDC /* Resources */ = {
			isa = PBXResourcesBuildPhase;
			buildActionMask = 2147483647;
			files = (
				5C7DA13B282A241E00AC6CDC /* LaunchScreen.storyboard in Resources */,
				5C7DA138282A241E00AC6CDC /* Assets.xcassets in Resources */,
				5C7DA136282A241B00AC6CDC /* Main.storyboard in Resources */,
			);
			runOnlyForDeploymentPostprocessing = 0;
		};
		5C7DA13F282A241E00AC6CDC /* Resources */ = {
			isa = PBXResourcesBuildPhase;
			buildActionMask = 2147483647;
			files = (
			);
			runOnlyForDeploymentPostprocessing = 0;
		};
		5C7DA149282A241E00AC6CDC /* Resources */ = {
			isa = PBXResourcesBuildPhase;
			buildActionMask = 2147483647;
			files = (
			);
			runOnlyForDeploymentPostprocessing = 0;
		};
/* End PBXResourcesBuildPhase section */

/* Begin PBXSourcesBuildPhase section */
		5C7DA127282A241B00AC6CDC /* Sources */ = {
			isa = PBXSourcesBuildPhase;
			buildActionMask = 2147483647;
			files = (
				5C7DA133282A241B00AC6CDC /* ViewController.swift in Sources */,
				5C7DA12F282A241B00AC6CDC /* AppDelegate.swift in Sources */,
				5C7DA131282A241B00AC6CDC /* SceneDelegate.swift in Sources */,
			);
			runOnlyForDeploymentPostprocessing = 0;
		};
		5C7DA13D282A241E00AC6CDC /* Sources */ = {
			isa = PBXSourcesBuildPhase;
			buildActionMask = 2147483647;
			files = (
				5C7DA146282A241E00AC6CDC /* youtube_appbuildTests.swift in Sources */,
			);
			runOnlyForDeploymentPostprocessing = 0;
		};
		5C7DA147282A241E00AC6CDC /* Sources */ = {
			isa = PBXSourcesBuildPhase;
			buildActionMask = 2147483647;
			files = (
				5C7DA150282A241E00AC6CDC /* youtube_appbuildUITests.swift in Sources */,
				5C7DA152282A241E00AC6CDC /* youtube_appbuildUITestsLaunchTests.swift in Sources */,
			);
			runOnlyForDeploymentPostprocessing = 0;
		};
/* End PBXSourcesBuildPhase section */

/* Begin PBXTargetDependency section */
		5C7DA143282A241E00AC6CDC /* PBXTargetDependency */ = {
			isa = PBXTargetDependency;
			target = 5C7DA12A282A241B00AC6CDC /* youtube-appbuild */;
			targetProxy = 5C7DA142282A241E00AC6CDC /* PBXContainerItemProxy */;
		};
		5C7DA14D282A241E00AC6CDC /* PBXTargetDependency */ = {
			isa = PBXTargetDependency;
			target = 5C7DA12A282A241B00AC6CDC /* youtube-appbuild */;
			targetProxy = 5C7DA14C282A241E00AC6CDC /* PBXContainerItemProxy */;
		};
/* End PBXTargetDependency section */

/* Begin PBXVariantGroup section */
		5C7DA134282A241B00AC6CDC /* Main.storyboard */ = {
			isa = PBXVariantGroup;
			children = (
				5C7DA135282A241B00AC6CDC /* Base */,
			);
			name = Main.storyboard;
			sourceTree = "<group>";
		};
		5C7DA139282A241E00AC6CDC /* LaunchScreen.storyboard */ = {
			isa = PBXVariantGroup;
			children = (
				5C7DA13A282A241E00AC6CDC /* Base */,
			);
			name = LaunchScreen.storyboard;
			sourceTree = "<group>";
		};
/* End PBXVariantGroup section */

/* Begin XCBuildConfiguration section */
		5C7DA153282A241E00AC6CDC /* Debug */ = {
			isa = XCBuildConfiguration;
			buildSettings = {
				ALWAYS_SEARCH_USER_PATHS = NO;
				CLANG_ANALYZER_NONNULL = YES;
				CLANG_ANALYZER_NUMBER_OBJECT_CONVERSION = YES_AGGRESSIVE;
				CLANG_CXX_LANGUAGE_STANDARD = "gnu++17";
				CLANG_ENABLE_MODULES = YES;
				CLANG_ENABLE_OBJC_ARC = YES;
				CLANG_ENABLE_OBJC_WEAK = YES;
				CLANG_WARN_BLOCK_CAPTURE_AUTORELEASING = YES;
				CLANG_WARN_BOOL_CONVERSION = YES;
				CLANG_WARN_COMMA = YES;
				CLANG_WARN_CONSTANT_CONVERSION = YES;
				CLANG_WARN_DEPRECATED_OBJC_IMPLEMENTATIONS = YES;
				CLANG_WARN_DIRECT_OBJC_ISA_USAGE = YES_ERROR;
				CLANG_WARN_DOCUMENTATION_COMMENTS = YES;
				CLANG_WARN_EMPTY_BODY = YES;
				CLANG_WARN_ENUM_CONVERSION = YES;
				CLANG_WARN_INFINITE_RECURSION = YES;
				CLANG_WARN_INT_CONVERSION = YES;
				CLANG_WARN_NON_LITERAL_NULL_CONVERSION = YES;
				CLANG_WARN_OBJC_IMPLICIT_RETAIN_SELF = YES;
				CLANG_WARN_OBJC_LITERAL_CONVERSION = YES;
				CLANG_WARN_OBJC_ROOT_CLASS = YES_ERROR;
				CLANG_WARN_QUOTED_INCLUDE_IN_FRAMEWORK_HEADER = YES;
				CLANG_WARN_RANGE_LOOP_ANALYSIS = YES;
				CLANG_WARN_STRICT_PROTOTYPES = YES;
				CLANG_WARN_SUSPICIOUS_MOVE = YES;
				CLANG_WARN_UNGUARDED_AVAILABILITY = YES_AGGRESSIVE;
				CLANG_WARN_UNREACHABLE_CODE = YES;
				CLANG_WARN__DUPLICATE_METHOD_MATCH = YES;
				COPY_PHASE_STRIP = NO;
				DEBUG_INFORMATION_FORMAT = dwarf;
				ENABLE_STRICT_OBJC_MSGSEND = YES;
				ENABLE_TESTABILITY = YES;
				GCC_C_LANGUAGE_STANDARD = gnu11;
				GCC_DYNAMIC_NO_PIC = NO;
				GCC_NO_COMMON_BLOCKS = YES;
				GCC_OPTIMIZATION_LEVEL = 0;
				GCC_PREPROCESSOR_DEFINITIONS = (
					"DEBUG=1",
					"$(inherited)",
				);
				GCC_WARN_64_TO_32_BIT_CONVERSION = YES;
				GCC_WARN_ABOUT_RETURN_TYPE = YES_ERROR;
				GCC_WARN_UNDECLARED_SELECTOR = YES;
				GCC_WARN_UNINITIALIZED_AUTOS = YES_AGGRESSIVE;
				GCC_WARN_UNUSED_FUNCTION = YES;
				GCC_WARN_UNUSED_VARIABLE = YES;
				IPHONEOS_DEPLOYMENT_TARGET = 15.4;
				MTL_ENABLE_DEBUG_INFO = INCLUDE_SOURCE;
				MTL_FAST_MATH = YES;
				ONLY_ACTIVE_ARCH = YES;
				SDKROOT = iphoneos;
				SWIFT_ACTIVE_COMPILATION_CONDITIONS = DEBUG;
				SWIFT_OPTIMIZATION_LEVEL = "-Onone";
			};
			name = Debug;
		};
		5C7DA154282A241E00AC6CDC /* Release */ = {
			isa = XCBuildConfiguration;
			buildSettings = {
				ALWAYS_SEARCH_USER_PATHS = NO;
				CLANG_ANALYZER_NONNULL = YES;
				CLANG_ANALYZER_NUMBER_OBJECT_CONVERSION = YES_AGGRESSIVE;
				CLANG_CXX_LANGUAGE_STANDARD = "gnu++17";
				CLANG_ENABLE_MODULES = YES;
				CLANG_ENABLE_OBJC_ARC = YES;
				CLANG_ENABLE_OBJC_WEAK = YES;
				CLANG_WARN_BLOCK_CAPTURE_AUTORELEASING = YES;
				CLANG_WARN_BOOL_CONVERSION = YES;
				CLANG_WARN_COMMA = YES;
				CLANG_WARN_CONSTANT_CONVERSION = YES;
				CLANG_WARN_DEPRECATED_OBJC_IMPLEMENTATIONS = YES;
				CLANG_WARN_DIRECT_OBJC_ISA_USAGE = YES_ERROR;
				CLANG_WARN_DOCUMENTATION_COMMENTS = YES;
				CLANG_WARN_EMPTY_BODY = YES;
				CLANG_WARN_ENUM_CONVERSION = YES;
				CLANG_WARN_INFINITE_RECURSION = YES;
				CLANG_WARN_INT_CONVERSION = YES;
				CLANG_WARN_NON_LITERAL_NULL_CONVERSION = YES;
				CLANG_WARN_OBJC_IMPLICIT_RETAIN_SELF = YES;
				CLANG_WARN_OBJC_LITERAL_CONVERSION = YES;
				CLANG_WARN_OBJC_ROOT_CLASS = YES_ERROR;
				CLANG_WARN_QUOTED_INCLUDE_IN_FRAMEWORK_HEADER = YES;
				CLANG_WARN_RANGE_LOOP_ANALYSIS = YES;
				CLANG_WARN_STRICT_PROTOTYPES = YES;
				CLANG_WARN_SUSPICIOUS_MOVE = YES;
				CLANG_WARN_UNGUARDED_AVAILABILITY = YES_AGGRESSIVE;
				CLANG_WARN_UNREACHABLE_CODE = YES;
				CLANG_WARN__DUPLICATE_METHOD_MATCH = YES;
				COPY_PHASE_STRIP = NO;
				DEBUG_INFORMATION_FORMAT = "dwarf-with-dsym";
				ENABLE_NS_ASSERTIONS = NO;
				ENABLE_STRICT_OBJC_MSGSEND = YES;
				GCC_C_LANGUAGE_STANDARD = gnu11;
				GCC_NO_COMMON_BLOCKS = YES;
				GCC_WARN_64_TO_32_BIT_CONVERSION = YES;
				GCC_WARN_ABOUT_RETURN_TYPE = YES_ERROR;
				GCC_WARN_UNDECLARED_SELECTOR = YES;
				GCC_WARN_UNINITIALIZED_AUTOS = YES_AGGRESSIVE;
				GCC_WARN_UNUSED_FUNCTION = YES;
				GCC_WARN_UNUSED_VARIABLE = YES;
				IPHONEOS_DEPLOYMENT_TARGET = 15.4;
				MTL_ENABLE_DEBUG_INFO = NO;
				MTL_FAST_MATH = YES;
				SDKROOT = iphoneos;
				SWIFT_COMPILATION_MODE = wholemodule;
				SWIFT_OPTIMIZATION_LEVEL = "-O";
				VALIDATE_PRODUCT = YES;
			};
			name = Release;
		};
		5C7DA156282A241E00AC6CDC /* Debug */ = {
			isa = XCBuildConfiguration;
			buildSettings = {
				ASSETCATALOG_COMPILER_APPICON_NAME = AppIcon;
				ASSETCATALOG_COMPILER_GLOBAL_ACCENT_COLOR_NAME = AccentColor;
				CODE_SIGN_STYLE = Automatic;
				CURRENT_PROJECT_VERSION = 1;
				GENERATE_INFOPLIST_FILE = YES;
				INFOPLIST_FILE = "youtube-appbuild/Info.plist";
				INFOPLIST_KEY_UIApplicationSupportsIndirectInputEvents = YES;
				INFOPLIST_KEY_UILaunchStoryboardName = LaunchScreen;
				INFOPLIST_KEY_UIMainStoryboardFile = Main;
				INFOPLIST_KEY_UISupportedInterfaceOrientations_iPad = "UIInterfaceOrientationPortrait UIInterfaceOrientationPortraitUpsideDown UIInterfaceOrientationLandscapeLeft UIInterfaceOrientationLandscapeRight";
				INFOPLIST_KEY_UISupportedInterfaceOrientations_iPhone = "UIInterfaceOrientationPortrait UIInterfaceOrientationLandscapeLeft UIInterfaceOrientationLandscapeRight";
				LD_RUNPATH_SEARCH_PATHS = (
					"$(inherited)",
					"@executable_path/Frameworks",
				);
				MARKETING_VERSION = 1.0;
				PRODUCT_BUNDLE_IDENTIFIER = "com.aditchawla.youtube-appbuild";
				PRODUCT_NAME = "$(TARGET_NAME)";
				SWIFT_EMIT_LOC_STRINGS = YES;
				SWIFT_VERSION = 5.0;
				TARGETED_DEVICE_FAMILY = "1,2";
			};
			name = Debug;
		};
		5C7DA157282A241E00AC6CDC /* Release */ = {
			isa = XCBuildConfiguration;
			buildSettings = {
				ASSETCATALOG_COMPILER_APPICON_NAME = AppIcon;
				ASSETCATALOG_COMPILER_GLOBAL_ACCENT_COLOR_NAME = AccentColor;
				CODE_SIGN_STYLE = Automatic;
				CURRENT_PROJECT_VERSION = 1;
				GENERATE_INFOPLIST_FILE = YES;
				INFOPLIST_FILE = "youtube-appbuild/Info.plist";
				INFOPLIST_KEY_UIApplicationSupportsIndirectInputEvents = YES;
				INFOPLIST_KEY_UILaunchStoryboardName = LaunchScreen;
				INFOPLIST_KEY_UIMainStoryboardFile = Main;
				INFOPLIST_KEY_UISupportedInterfaceOrientations_iPad = "UIInterfaceOrientationPortrait UIInterfaceOrientationPortraitUpsideDown UIInterfaceOrientationLandscapeLeft UIInterfaceOrientationLandscapeRight";
				INFOPLIST_KEY_UISupportedInterfaceOrientations_iPhone = "UIInterfaceOrientationPortrait UIInterfaceOrientationLandscapeLeft UIInterfaceOrientationLandscapeRight";
				LD_RUNPATH_SEARCH_PATHS = (
					"$(inherited)",
					"@executable_path/Frameworks",
				);
				MARKETING_VERSION = 1.0;
				PRODUCT_BUNDLE_IDENTIFIER = "com.aditchawla.youtube-appbuild";
				PRODUCT_NAME = "$(TARGET_NAME)";
				SWIFT_EMIT_LOC_STRINGS = YES;
				SWIFT_VERSION = 5.0;
				TARGETED_DEVICE_FAMILY = "1,2";
			};
			name = Release;
		};
		5C7DA159282A241E00AC6CDC /* Debug */ = {
			isa = XCBuildConfiguration;
			buildSettings = {
				ALWAYS_EMBED_SWIFT_STANDARD_LIBRARIES = YES;
				BUNDLE_LOADER = "$(TEST_HOST)";
				CODE_SIGN_STYLE = Automatic;
				CURRENT_PROJECT_VERSION = 1;
				GENERATE_INFOPLIST_FILE = YES;
				IPHONEOS_DEPLOYMENT_TARGET = 15.4;
				MARKETING_VERSION = 1.0;
				PRODUCT_BUNDLE_IDENTIFIER = "com.aditchawla.youtube-appbuildTests";
				PRODUCT_NAME = "$(TARGET_NAME)";
				SWIFT_EMIT_LOC_STRINGS = NO;
				SWIFT_VERSION = 5.0;
				TARGETED_DEVICE_FAMILY = "1,2";
				TEST_HOST = "$(BUILT_PRODUCTS_DIR)/youtube-appbuild.app/youtube-appbuild";
			};
			name = Debug;
		};
		5C7DA15A282A241E00AC6CDC /* Release */ = {
			isa = XCBuildConfiguration;
			buildSettings = {
				ALWAYS_EMBED_SWIFT_STANDARD_LIBRARIES = YES;
				BUNDLE_LOADER = "$(TEST_HOST)";
				CODE_SIGN_STYLE = Automatic;
				CURRENT_PROJECT_VERSION = 1;
				GENERATE_INFOPLIST_FILE = YES;
				IPHONEOS_DEPLOYMENT_TARGET = 15.4;
				MARKETING_VERSION = 1.0;
				PRODUCT_BUNDLE_IDENTIFIER = "com.aditchawla.youtube-appbuildTests";
				PRODUCT_NAME = "$(TARGET_NAME)";
				SWIFT_EMIT_LOC_STRINGS = NO;
				SWIFT_VERSION = 5.0;
				TARGETED_DEVICE_FAMILY = "1,2";
				TEST_HOST = "$(BUILT_PRODUCTS_DIR)/youtube-appbuild.app/youtube-appbuild";
			};
			name = Release;
		};
		5C7DA15C282A241E00AC6CDC /* Debug */ = {
			isa = XCBuildConfiguration;
			buildSettings = {
				ALWAYS_EMBED_SWIFT_STANDARD_LIBRARIES = YES;
				CODE_SIGN_STYLE = Automatic;
				CURRENT_PROJECT_VERSION = 1;
				GENERATE_INFOPLIST_FILE = YES;
				MARKETING_VERSION = 1.0;
				PRODUCT_BUNDLE_IDENTIFIER = "com.aditchawla.youtube-appbuildUITests";
				PRODUCT_NAME = "$(TARGET_NAME)";
				SWIFT_EMIT_LOC_STRINGS = NO;
				SWIFT_VERSION = 5.0;
				TARGETED_DEVICE_FAMILY = "1,2";
				TEST_TARGET_NAME = "youtube-appbuild";
			};
			name = Debug;
		};
		5C7DA15D282A241E00AC6CDC /* Release */ = {
			isa = XCBuildConfiguration;
			buildSettings = {
				ALWAYS_EMBED_SWIFT_STANDARD_LIBRARIES = YES;
				CODE_SIGN_STYLE = Automatic;
				CURRENT_PROJECT_VERSION = 1;
				GENERATE_INFOPLIST_FILE = YES;
				MARKETING_VERSION = 1.0;
				PRODUCT_BUNDLE_IDENTIFIER = "com.aditchawla.youtube-appbuildUITests";
				PRODUCT_NAME = "$(TARGET_NAME)";
				SWIFT_EMIT_LOC_STRINGS = NO;
				SWIFT_VERSION = 5.0;
				TARGETED_DEVICE_FAMILY = "1,2";
				TEST_TARGET_NAME = "youtube-appbuild";
			};
			name = Release;
		};
/* End XCBuildConfiguration section */

/* Begin XCConfigurationList section */
		5C7DA126282A241B00AC6CDC /* Build configuration list for PBXProject "youtube-appbuild" */ = {
			isa = XCConfigurationList;
			buildConfigurations = (
				5C7DA153282A241E00AC6CDC /* Debug */,
				5C7DA154282A241E00AC6CDC /* Release */,
			);
			defaultConfigurationIsVisible = 0;
			defaultConfigurationName = Release;
		};
		5C7DA155282A241E00AC6CDC /* Build configuration list for PBXNativeTarget "youtube-appbuild" */ = {
			isa = XCConfigurationList;
			buildConfigurations = (
				5C7DA156282A241E00AC6CDC /* Debug */,
				5C7DA157282A241E00AC6CDC /* Release */,
			);
			defaultConfigurationIsVisible = 0;
			defaultConfigurationName = Release;
		};
		5C7DA158282A241E00AC6CDC /* Build configuration list for PBXNativeTarget "youtube-appbuildTests" */ = {
			isa = XCConfigurationList;
			buildConfigurations = (
				5C7DA159282A241E00AC6CDC /* Debug */,
				5C7DA15A282A241E00AC6CDC /* Release */,
			);
			defaultConfigurationIsVisible = 0;
			defaultConfigurationName = Release;
		};
		5C7DA15B282A241E00AC6CDC /* Build configuration list for PBXNativeTarget "youtube-appbuildUITests" */ = {
			isa = XCConfigurationList;
			buildConfigurations = (
				5C7DA15C282A241E00AC6CDC /* Debug */,
				5C7DA15D282A241E00AC6CDC /* Release */,
			);
			defaultConfigurationIsVisible = 0;
			defaultConfigurationName = Release;
		};
/* End XCConfigurationList section */
	};
	rootObject = 5C7DA123282A241B00AC6CDC /* Project object */;
}
